{
  "name": "reddev-clone",
  "version": "1.0.0",
  "lockfileVersion": 3,
  "requires": true,
  "packages": {
    "": {
      "dependencies": {
        "aos": "^2.3.4",
        "browserslist": "^4.25.4",
        "react-icons": "^5.5.0"
      }
    },
    "node_modules/aos": {
      "version": "2.3.4",
      "resolved": "https://registry.npmjs.org/aos/-/aos-2.3.4.tgz",
      "integrity": "sha512-zh/ahtR2yME4I51z8IttIt4lC1Nw0ktsFtmeDzID1m9naJnWXhCoARaCgNOGXb5CLy3zm+wqmRAEgMYB5E2HUw==",
      "license": "MIT",
      "dependencies": {
        "classlist-polyfill": "^1.0.3",
        "lodash.debounce": "^4.0.6",
        "lodash.throttle": "^4.0.1"
      }
    },
    "node_modules/browserslist": {
      "version": "4.25.4",
      "resolved": "https://registry.npmjs.org/browserslist/-/browserslist-4.25.4.tgz",
      "integrity": "sha512-4jYpcjabC606xJ3kw2QwGEZKX0Aw7sgQdZCvIK9dhVSPh76BKo+C+btT1RRofH7B+8iNpEbgGNVWiLki5q93yg==",
      "funding": [
        {
          "type": "opencollective",
          "url": "https://opencollective.com/browserslist"
        },
        {
          "type": "tidelift",
          "url": "https://tidelift.com/funding/github/npm/browserslist"
        },
        {
          "type": "github",
          "url": "https://github.com/sponsors/ai"
        }
      ],
      "license": "MIT",
      "dependencies": {
        "caniuse-lite": "^1.0.30001737",
        "electron-to-chromium": "^1.5.211",
        "node-releases": "^2.0.19",
        "update-browserslist-db": "^1.1.3"
      },
      "bin": {
        "browserslist": "cli.js"
      },
      "engines": {
        "node": "^6 || ^7 || ^8 || ^9 || ^10 || ^11 || ^12 || >=13.7"
      }
    },
    "node_modules/caniuse-lite": {
      "version": "1.0.30001741",
      "resolved": "https://registry.npmjs.org/caniuse-lite/-/caniuse-lite-1.0.30001741.tgz",
      "integrity": "sha512-QGUGitqsc8ARjLdgAfxETDhRbJ0REsP6O3I96TAth/mVjh2cYzN2u+3AzPP3aVSm2FehEItaJw1xd+IGBXWeSw==",
      "funding": [
        {
          "type": "opencollective",
          "url": "https://opencollective.com/browserslist"
        },
        {
          "type": "tidelift",
          "url": "https://tidelift.com/funding/github/npm/caniuse-lite"
        },
        {
          "type": "github",
          "url": "https://github.com/sponsors/ai"
        }
      ],
      "license": "CC-BY-4.0"
    },
    "node_modules/classlist-polyfill": {
      "version": "1.2.0",
      "resolved": "https://registry.npmjs.org/classlist-polyfill/-/classlist-polyfill-1.2.0.tgz",
      "integrity": "sha512-GzIjNdcEtH4ieA2S8NmrSxv7DfEV5fmixQeyTmqmRmRJPGpRBaSnA2a0VrCjyT8iW8JjEdMbKzDotAJf+ajgaQ==",
      "license": "Unlicense"
    },
    "node_modules/electron-to-chromium": {
      "version": "1.5.215",
      "resolved": "https://registry.npmjs.org/electron-to-chromium/-/electron-to-chromium-1.5.215.tgz",
      "integrity": "sha512-TIvGp57UpeNetj/wV/xpFNpWGb0b/ROw372lHPx5Aafx02gjTBtWnEEcaSX3W2dLM3OSdGGyHX/cHl01JQsLaQ==",
      "license": "ISC"
    },
    "node_modules/escalade": {
      "version": "3.2.0",
      "resolved": "https://registry.npmjs.org/escalade/-/escalade-3.2.0.tgz",
      "integrity": "sha512-WUj2qlxaQtO4g6Pq5c29GTcWGDyd8itL8zTlipgECz3JesAiiOKotd8JU6otB3PACgG6xkJUyVhboMS+bje/jA==",
      "license": "MIT",
      "engines": {
        "node": ">=6"
      }
    },
    "node_modules/lodash.debounce": {
      "version": "4.0.8",
      "resolved": "https://registry.npmjs.org/lodash.debounce/-/lodash.debounce-4.0.8.tgz",
      "integrity": "sha512-FT1yDzDYEoYWhnSGnpE/4Kj1fLZkDFyqRb7fNt6FdYOSxlUWAtp42Eh6Wb0rGIv/m9Bgo7x4GhQbm5Ys4SG5ow==",
      "license": "MIT"
    },
    "node_modules/lodash.throttle": {
      "version": "4.1.1",
      "resolved": "https://registry.npmjs.org/lodash.throttle/-/lodash.throttle-4.1.1.tgz",
      "integrity": "sha512-wIkUCfVKpVsWo3JSZlc+8MB5it+2AN5W8J7YVMST30UrvcQNZ1Okbj+rbVniijTWE6FGYy4XJq/rHkas8qJMLQ==",
      "license": "MIT"
    },
    "node_modules/node-releases": {
      "version": "2.0.20",
      "resolved": "https://registry.npmjs.org/node-releases/-/node-releases-2.0.20.tgz",
      "integrity": "sha512-7gK6zSXEH6neM212JgfYFXe+GmZQM+fia5SsusuBIUgnPheLFBmIPhtFoAQRj8/7wASYQnbDlHPVwY0BefoFgA==",
      "license": "MIT"
    },
    "node_modules/picocolors": {
      "version": "1.1.1",
      "resolved": "https://registry.npmjs.org/picocolors/-/picocolors-1.1.1.tgz",
      "integrity": "sha512-xceH2snhtb5M9liqDsmEw56le376mTZkEX/jEb/RxNFyegNul7eNslCXP9FDj/Lcu0X8KEyMceP2ntpaHrDEVA==",
      "license": "ISC"
    },
    "node_modules/react": {
      "version": "19.1.1",
      "resolved": "https://registry.npmjs.org/react/-/react-19.1.1.tgz",
      "integrity": "sha512-w8nqGImo45dmMIfljjMwOGtbmC/mk4CMYhWIicdSflH91J9TyCyczcPFXJzrZ/ZXcgGRFeP6BU0BEJTw6tZdfQ==",
      "license": "MIT",
      "peer": true,
      "engines": {
        "node": ">=0.10.0"
      }
    },
    "node_modules/react-icons": {
      "version": "5.5.0",
      "resolved": "https://registry.npmjs.org/react-icons/-/react-icons-5.5.0.tgz",
      "integrity": "sha512-MEFcXdkP3dLo8uumGI5xN3lDFNsRtrjbOEKDLD7yv76v4wpnEq2Lt2qeHaQOr34I/wPN3s3+N08WkQ+CW37Xiw==",
      "license": "MIT",
      "peerDependencies": {
        "react": "*"
      }
    },
    "node_modules/update-browserslist-db": {
      "version": "1.1.3",
      "resolved": "https://registry.npmjs.org/update-browserslist-db/-/update-browserslist-db-1.1.3.tgz",
      "integrity": "sha512-UxhIZQ+QInVdunkDAaiazvvT/+fXL5Osr0JZlJulepYu6Jd7qJtDZjlur0emRlT71EN3ScPoE7gvsuIKKNavKw==",
      "funding": [
        {
          "type": "opencollective",
          "url": "https://opencollective.com/browserslist"
        },
        {
          "type": "tidelift",
          "url": "https://tidelift.com/funding/github/npm/browserslist"
        },
        {
          "type": "github",
          "url": "https://github.com/sponsors/ai"
        }
      ],
      "license": "MIT",
      "dependencies": {
        "escalade": "^3.2.0",
        "picocolors": "^1.1.1"
      },
      "bin": {
        "update-browserslist-db": "cli.js"
      },
      "peerDependencies": {
        "browserslist": ">= 4.21.0"
      }
    }
  }
}
